
Microsoft Visual Studio Solution File, Format Version 12.00
# Visual Studio Version 17
VisualStudioVersion = 17.4.33205.214
MinimumVisualStudioVersion = 10.0.40219.1
Project("{FAE04EC0-301F-11D3-BF4B-00C04F79EFBC}") = "Hobbygenerator", "Hobbygenerator.csproj", "{41CB0022-4232-41B2-924E-3C9CFF815123}"
EndProject
Global
	GlobalSection(SolutionConfigurationPlatforms) = preSolution
		Debug|Any CPU = Debug|Any CPU
		Release|Any CPU = Release|Any CPU
	EndGlobalSection
	GlobalSection(ProjectConfigurationPlatforms) = postSolution
		{41CB0022-4232-41B2-924E-3C9CFF815123}.Debug|Any CPU.ActiveCfg = Debug|Any CPU
		{41CB0022-4232-41B2-924E-3C9CFF815123}.Debug|Any CPU.Build.0 = Debug|Any CPU
		{41CB0022-4232-41B2-924E-3C9CFF815123}.Release|Any CPU.ActiveCfg = Release|Any CPU
		{41CB0022-4232-41B2-924E-3C9CFF815123}.Release|Any CPU.Build.0 = Release|Any CPU
	EndGlobalSection
	GlobalSection(SolutionProperties) = preSolution
		HideSolutionNode = FALSE
	EndGlobalSection
	GlobalSection(ExtensibilityGlobals) = postSolution
		SolutionGuid = {112090A0-583D-4660-B912-C58D566DC7D1}
	EndGlobalSection
EndGlobal
